
Microsoft Visual Studio Solution File, Format Version 12.00
# Visual Studio 15
VisualStudioVersion = 15.0.26430.15
MinimumVisualStudioVersion = 10.0.40219.1
Project("{FAE04EC0-301F-11D3-BF4B-00C04F79EFBC}") = "HFF_SpeedTools", "HFF_Speedometer\HFF_SpeedTools.csproj", "{B2EF2323-E97A-489F-807F-451D06D6C654}"
EndProject
Global
	GlobalSection(SolutionConfigurationPlatforms) = preSolution
		Debug|Any CPU = Debug|Any CPU
		Release|Any CPU = Release|Any CPU
	EndGlobalSection
	GlobalSection(ProjectConfigurationPlatforms) = postSolution
		{B2EF2323-E97A-489F-807F-451D06D6C654}.Debug|Any CPU.ActiveCfg = Debug|Any CPU
		{B2EF2323-E97A-489F-807F-451D06D6C654}.Debug|Any CPU.Build.0 = Debug|Any CPU
		{B2EF2323-E97A-489F-807F-451D06D6C654}.Release|Any CPU.ActiveCfg = Release|Any CPU
		{B2EF2323-E97A-489F-807F-451D06D6C654}.Release|Any CPU.Build.0 = Release|Any CPU
	EndGlobalSection
	GlobalSection(SolutionProperties) = preSolution
		HideSolutionNode = FALSE
	EndGlobalSection
	GlobalSection(ExtensibilityGlobals) = postSolution
		SolutionGuid = {084683B7-7DFE-4627-A2FC-9F868AB0E9B8}
	EndGlobalSection
EndGlobal
